{
    "name": "vgx",
    "version": "0.0.1",
    "lockfileVersion": 1,
    "requires": true,
    "dependencies": {
        "@types/node": {
            "version": "13.13.52",
            "resolved": "https://registry.npmjs.org/@types/node/-/node-13.13.52.tgz",
            "integrity": "sha512-s3nugnZumCC//n4moGGe6tkNMyYEdaDBitVjwPxXmR5lnMG5dHePinH2EdxkG3Rh1ghFHHixAG4NJhpJW1rthQ==",
            "dev": true
        },
        "typescript": {
            "version": "4.3.4",
            "resolved": "https://registry.npmjs.org/typescript/-/typescript-4.3.4.tgz",
            "integrity": "sha512-uauPG7XZn9F/mo+7MrsRjyvbxFpzemRjKEZXS4AK83oP2KKOJPvb+9cO/gmnv8arWZvhnjVOXz7B49m1l0e9Ew==",
            "dev": true
        }
    }
}
